
Microsoft Visual Studio Solution File, Format Version 12.00
# Visual Studio Version 17
VisualStudioVersion = 17.0.32014.148
MinimumVisualStudioVersion = 10.0.40219.1
Project("{9A19103F-16F7-4668-BE54-9A1E7A4F7556}") = "BotService", "BotService\BotService.csproj", "{5A72DA2E-E60D-4AAD-BB4B-CFC94335E500}"
EndProject
Project("{9A19103F-16F7-4668-BE54-9A1E7A4F7556}") = "FacebookAutomation", "FacebookAutomation\FacebookAutomation.csproj", "{8605A2D8-4DB5-42C7-906B-2EE3A6275F1E}"
EndProject
Project("{9A19103F-16F7-4668-BE54-9A1E7A4F7556}") = "SimpleLogger", "..\cs-simple-logger\Source\SimpleLogger.csproj", "{E98F506A-1778-4742-AD71-62AE4A7EA8B8}"
EndProject
Project("{9A19103F-16F7-4668-BE54-9A1E7A4F7556}") = "TelegramApi", "TelegramApi\TelegramApi.csproj", "{9CF3AFA1-AF51-4086-97F2-7B1EC55F0BA7}"
EndProject
Project("{9A19103F-16F7-4668-BE54-9A1E7A4F7556}") = "YoutubeApi", "YoutubeApi\YoutubeApi.csproj", "{12B75535-2EF1-49E1-8693-A1C7448AFB55}"
EndProject
Project("{9A19103F-16F7-4668-BE54-9A1E7A4F7556}") = "Tests", "Tests\Tests.csproj", "{B5EC17A1-E486-4EFD-B0F4-49AA042D6993}"
EndProject
Project("{9A19103F-16F7-4668-BE54-9A1E7A4F7556}") = "Common", "Common\Common.csproj", "{7289B200-2271-4A41-80D5-7B08E8601A83}"
EndProject
Project("{FAE04EC0-301F-11D3-BF4B-00C04F79EFBC}") = "TestService", "TestService\TestService.csproj", "{116A392F-48CA-49D9-8E51-F2916EE9AEE4}"
EndProject
Global
	GlobalSection(SolutionConfigurationPlatforms) = preSolution
		Debug|Any CPU = Debug|Any CPU
		Release|Any CPU = Release|Any CPU
	EndGlobalSection
	GlobalSection(ProjectConfigurationPlatforms) = postSolution
		{5A72DA2E-E60D-4AAD-BB4B-CFC94335E500}.Debug|Any CPU.ActiveCfg = Debug|Any CPU
		{5A72DA2E-E60D-4AAD-BB4B-CFC94335E500}.Debug|Any CPU.Build.0 = Debug|Any CPU
		{5A72DA2E-E60D-4AAD-BB4B-CFC94335E500}.Release|Any CPU.ActiveCfg = Release|Any CPU
		{5A72DA2E-E60D-4AAD-BB4B-CFC94335E500}.Release|Any CPU.Build.0 = Release|Any CPU
		{8605A2D8-4DB5-42C7-906B-2EE3A6275F1E}.Debug|Any CPU.ActiveCfg = Debug|Any CPU
		{8605A2D8-4DB5-42C7-906B-2EE3A6275F1E}.Debug|Any CPU.Build.0 = Debug|Any CPU
		{8605A2D8-4DB5-42C7-906B-2EE3A6275F1E}.Release|Any CPU.ActiveCfg = Release|Any CPU
		{8605A2D8-4DB5-42C7-906B-2EE3A6275F1E}.Release|Any CPU.Build.0 = Release|Any CPU
		{E98F506A-1778-4742-AD71-62AE4A7EA8B8}.Debug|Any CPU.ActiveCfg = Debug|Any CPU
		{E98F506A-1778-4742-AD71-62AE4A7EA8B8}.Debug|Any CPU.Build.0 = Debug|Any CPU
		{E98F506A-1778-4742-AD71-62AE4A7EA8B8}.Release|Any CPU.ActiveCfg = Release|Any CPU
		{E98F506A-1778-4742-AD71-62AE4A7EA8B8}.Release|Any CPU.Build.0 = Release|Any CPU
		{9CF3AFA1-AF51-4086-97F2-7B1EC55F0BA7}.Debug|Any CPU.ActiveCfg = Debug|Any CPU
		{9CF3AFA1-AF51-4086-97F2-7B1EC55F0BA7}.Debug|Any CPU.Build.0 = Debug|Any CPU
		{9CF3AFA1-AF51-4086-97F2-7B1EC55F0BA7}.Release|Any CPU.ActiveCfg = Release|Any CPU
		{9CF3AFA1-AF51-4086-97F2-7B1EC55F0BA7}.Release|Any CPU.Build.0 = Release|Any CPU
		{12B75535-2EF1-49E1-8693-A1C7448AFB55}.Debug|Any CPU.ActiveCfg = Debug|Any CPU
		{12B75535-2EF1-49E1-8693-A1C7448AFB55}.Debug|Any CPU.Build.0 = Debug|Any CPU
		{12B75535-2EF1-49E1-8693-A1C7448AFB55}.Release|Any CPU.ActiveCfg = Release|Any CPU
		{12B75535-2EF1-49E1-8693-A1C7448AFB55}.Release|Any CPU.Build.0 = Release|Any CPU
		{B5EC17A1-E486-4EFD-B0F4-49AA042D6993}.Debug|Any CPU.ActiveCfg = Debug|Any CPU
		{B5EC17A1-E486-4EFD-B0F4-49AA042D6993}.Debug|Any CPU.Build.0 = Debug|Any CPU
		{B5EC17A1-E486-4EFD-B0F4-49AA042D6993}.Release|Any CPU.ActiveCfg = Release|Any CPU
		{B5EC17A1-E486-4EFD-B0F4-49AA042D6993}.Release|Any CPU.Build.0 = Release|Any CPU
		{7289B200-2271-4A41-80D5-7B08E8601A83}.Debug|Any CPU.ActiveCfg = Debug|Any CPU
		{7289B200-2271-4A41-80D5-7B08E8601A83}.Debug|Any CPU.Build.0 = Debug|Any CPU
		{7289B200-2271-4A41-80D5-7B08E8601A83}.Release|Any CPU.ActiveCfg = Release|Any CPU
		{7289B200-2271-4A41-80D5-7B08E8601A83}.Release|Any CPU.Build.0 = Release|Any CPU
		{116A392F-48CA-49D9-8E51-F2916EE9AEE4}.Debug|Any CPU.ActiveCfg = Debug|Any CPU
		{116A392F-48CA-49D9-8E51-F2916EE9AEE4}.Debug|Any CPU.Build.0 = Debug|Any CPU
		{116A392F-48CA-49D9-8E51-F2916EE9AEE4}.Release|Any CPU.ActiveCfg = Release|Any CPU
		{116A392F-48CA-49D9-8E51-F2916EE9AEE4}.Release|Any CPU.Build.0 = Release|Any CPU
	EndGlobalSection
	GlobalSection(SolutionProperties) = preSolution
		HideSolutionNode = FALSE
	EndGlobalSection
	GlobalSection(ExtensibilityGlobals) = postSolution
		SolutionGuid = {25EE6F0B-2B43-4BA4-ADB5-9734B63137AD}
	EndGlobalSection
EndGlobal
